
Microsoft Visual Studio Solution File, Format Version 12.00
# Visual Studio Version 17
VisualStudioVersion = 17.3.32929.385
MinimumVisualStudioVersion = 10.0.40219.1
Project("{9A19103F-16F7-4668-BE54-9A1E7A4F7556}") = "WebShop.API", "WebShops\WebShop.API.csproj", "{CEC148CC-6581-49B7-8E5D-A5DA247F2161}"
EndProject
Project("{9A19103F-16F7-4668-BE54-9A1E7A4F7556}") = "WebShops.Database", "Database\WebShops.Database.csproj", "{EAF7F7F9-2A77-498D-906F-19864AF51CE1}"
EndProject
Project("{9A19103F-16F7-4668-BE54-9A1E7A4F7556}") = "WebShop.Application", "WebShop.Application\WebShop.Application.csproj", "{DF7916DD-8A0B-4BC1-9BFB-890F9BFEDE5E}"
EndProject
Project("{9A19103F-16F7-4668-BE54-9A1E7A4F7556}") = "WebShops.Utilities", "WebShops.Utilities\WebShops.Utilities.csproj", "{54601079-4B68-4139-9B61-096396451D95}"
EndProject
Project("{9A19103F-16F7-4668-BE54-9A1E7A4F7556}") = "WebShop.ViewModels", "WebShop.ViewModels\WebShop.ViewModels.csproj", "{B8B05E36-BB9C-4118-A33E-03C58693ECDB}"
EndProject
Project("{2150E333-8FDC-42A3-9474-1A3956D46DE8}") = "1.Infrastructure", "1.Infrastructure", "{2C02CCF0-DA4F-491D-AE85-159CF13CB456}"
EndProject
Project("{2150E333-8FDC-42A3-9474-1A3956D46DE8}") = "2.Domain", "2.Domain", "{A3D1CBFA-80CB-49C1-887C-650571B1CF3D}"
EndProject
Project("{2150E333-8FDC-42A3-9474-1A3956D46DE8}") = "3.GiaoDienVaBackEnd", "3.GiaoDienVaBackEnd", "{363E2230-5F86-45C1-B94B-23D52ECC6E08}"
EndProject
Global
	GlobalSection(SolutionConfigurationPlatforms) = preSolution
		Debug|Any CPU = Debug|Any CPU
		Release|Any CPU = Release|Any CPU
	EndGlobalSection
	GlobalSection(ProjectConfigurationPlatforms) = postSolution
		{CEC148CC-6581-49B7-8E5D-A5DA247F2161}.Debug|Any CPU.ActiveCfg = Debug|Any CPU
		{CEC148CC-6581-49B7-8E5D-A5DA247F2161}.Debug|Any CPU.Build.0 = Debug|Any CPU
		{CEC148CC-6581-49B7-8E5D-A5DA247F2161}.Release|Any CPU.ActiveCfg = Release|Any CPU
		{CEC148CC-6581-49B7-8E5D-A5DA247F2161}.Release|Any CPU.Build.0 = Release|Any CPU
		{EAF7F7F9-2A77-498D-906F-19864AF51CE1}.Debug|Any CPU.ActiveCfg = Debug|Any CPU
		{EAF7F7F9-2A77-498D-906F-19864AF51CE1}.Debug|Any CPU.Build.0 = Debug|Any CPU
		{EAF7F7F9-2A77-498D-906F-19864AF51CE1}.Release|Any CPU.ActiveCfg = Release|Any CPU
		{EAF7F7F9-2A77-498D-906F-19864AF51CE1}.Release|Any CPU.Build.0 = Release|Any CPU
		{DF7916DD-8A0B-4BC1-9BFB-890F9BFEDE5E}.Debug|Any CPU.ActiveCfg = Debug|Any CPU
		{DF7916DD-8A0B-4BC1-9BFB-890F9BFEDE5E}.Debug|Any CPU.Build.0 = Debug|Any CPU
		{DF7916DD-8A0B-4BC1-9BFB-890F9BFEDE5E}.Release|Any CPU.ActiveCfg = Release|Any CPU
		{DF7916DD-8A0B-4BC1-9BFB-890F9BFEDE5E}.Release|Any CPU.Build.0 = Release|Any CPU
		{54601079-4B68-4139-9B61-096396451D95}.Debug|Any CPU.ActiveCfg = Debug|Any CPU
		{54601079-4B68-4139-9B61-096396451D95}.Debug|Any CPU.Build.0 = Debug|Any CPU
		{54601079-4B68-4139-9B61-096396451D95}.Release|Any CPU.ActiveCfg = Release|Any CPU
		{54601079-4B68-4139-9B61-096396451D95}.Release|Any CPU.Build.0 = Release|Any CPU
		{B8B05E36-BB9C-4118-A33E-03C58693ECDB}.Debug|Any CPU.ActiveCfg = Debug|Any CPU
		{B8B05E36-BB9C-4118-A33E-03C58693ECDB}.Debug|Any CPU.Build.0 = Debug|Any CPU
		{B8B05E36-BB9C-4118-A33E-03C58693ECDB}.Release|Any CPU.ActiveCfg = Release|Any CPU
		{B8B05E36-BB9C-4118-A33E-03C58693ECDB}.Release|Any CPU.Build.0 = Release|Any CPU
	EndGlobalSection
	GlobalSection(SolutionProperties) = preSolution
		HideSolutionNode = FALSE
	EndGlobalSection
	GlobalSection(NestedProjects) = preSolution
		{CEC148CC-6581-49B7-8E5D-A5DA247F2161} = {363E2230-5F86-45C1-B94B-23D52ECC6E08}
		{EAF7F7F9-2A77-498D-906F-19864AF51CE1} = {A3D1CBFA-80CB-49C1-887C-650571B1CF3D}
		{DF7916DD-8A0B-4BC1-9BFB-890F9BFEDE5E} = {A3D1CBFA-80CB-49C1-887C-650571B1CF3D}
		{54601079-4B68-4139-9B61-096396451D95} = {2C02CCF0-DA4F-491D-AE85-159CF13CB456}
		{B8B05E36-BB9C-4118-A33E-03C58693ECDB} = {2C02CCF0-DA4F-491D-AE85-159CF13CB456}
	EndGlobalSection
	GlobalSection(ExtensibilityGlobals) = postSolution
		SolutionGuid = {A0F1E840-32A8-4E8F-AD72-69DCE1BF5BCB}
	EndGlobalSection
EndGlobal
